{
  "nodes": {
    "crane": {
      "locked": {
        "lastModified": 1787326676,
        "narHash": "sha256-lWhBbBvC05/xwivKBBiM2YNizpmgqCgyOIzomvRuwxs=",
        "rev": "692f7e9ef2ece8125b466f66f2af532b3edaed0d",
        "revCount": 891,
        "type": "tarball",
        "url": "https://api.flakehub.com/f/pinned/ipetkov/crane/0.24.0/01a024fa-8efd-7f73-ab14-d020d0f08bde/source.tar.gz"
      },
      "original": {
        "type": "tarball",
        "url": "https://flakehub.com/f/ipetkov/crane/%2A"
      }
    },
    "fenix": {
      "inputs": {
        "nixpkgs": [
          "nixpkgs"
        ],
        "rust-analyzer-src": "rust-analyzer-src"
      },
      "locked": {
        "lastModified": 1782900513,
        "narHash": "sha256-GHrsl1+ysDFgmDQtQSqWS7TiYD2Q58VlwLvnf1+crJM=",
        "rev": "16810aa8f4ad89ca480b1513774e8b6f485fe368",
        "revCount": 2708,
        "type": "tarball",
        "url": "https://api.flakehub.com/f/pinned/nix-community/fenix/0.1.2708%2Brev-16810aa8f4ad89ca480b1513774e8b6f485fe368/019f1d68-8b55-7783-bed1-d5926f21ae52/source.tar.gz"
      },
      "original": {
        "type": "tarball",
        "url": "https://flakehub.com/f/nix-community/fenix/0.1"
      }
    },
    "flake-parts": {
      "inputs": {
        "nixpkgs-lib": "nixpkgs-lib"
      },
      "locked": {
        "lastModified": 1788450739,
        "narHash": "sha256-glZLQlzIn1fXH6PazR2iUmTo7kzzyYSshrWhLS9TqCU=",
        "rev": "31729ca8cbdb4fa927b34e5f4353e6a83f39e993",
        "revCount": 494,
        "type": "tarball",
        "url": "https://api.flakehub.com/f/pinned/hercules-ci/flake-parts/0.1.494%2Brev-31729ca8cbdb4fa927b34e5f4353e6a83f39e993/01a06859-cb2a-7ef3-93da-70cc1b6dd761/source.tar.gz"
      },
      "original": {
        "type": "tarball",
        "url": "https://flakehub.com/f/hercules-ci/flake-parts/0.1"
      }
    },
    "nixpkgs": {
      "locked": {
        "lastModified": 1789149629,
        "narHash": "sha256-H6GwaZzZf+4npqv0tph94w9tZddSjFjmQrVsW0z78uk=",
        "rev": "eaad089433ca2bb662274377d33df3d0e51ef28b",
        "revCount": 1072397,
        "type": "tarball",
        "url": "https://api.flakehub.com/f/pinned/NixOS/nixpkgs/0.1.1072397%2Brev-eaad089433ca2bb662274377d33df3d0e51ef28b/01a096b2-d158-7183-ae68-b86674ebb578/source.tar.gz"
      },
      "original": {
        "type": "tarball",
        "url": "https://flakehub.com/f/NixOS/nixpkgs/0.1"
      }
    },
    "nixpkgs-lib": {
      "locked": {
        "lastModified": 1788057806,
        "narHash": "sha256-DTQSMxzDWmT0zhguthvegnVkn7CFqGCv4IHCzk5ZUpM=",
        "owner": "nix-community",
        "repo": "nixpkgs.lib",
        "rev": "596e2e3940e09b2abbeb03f75fa1828c57fcd72c",
        "type": "github"
      },
      "original": {
        "owner": "nix-community",
        "repo": "nixpkgs.lib",
        "type": "github"
      }
    },
    "root": {
      "inputs": {
        "crane": "crane",
        "fenix": "fenix",
        "flake-parts": "flake-parts",
        "nixpkgs": "nixpkgs"
      }
    },
    "rust-analyzer-src": {
      "flake": false,
      "locked": {
        "lastModified": 1782864348,
        "narHash": "sha256-NVYhLbaefeIUftPlo3kS6qr0xd8eFJRodEiaHrvFKR4=",
        "owner": "rust-lang",
        "repo": "rust-analyzer",
        "rev": "0d381ca097a8e0375a19387874d952c0a230ac4f",
        "type": "github"
      },
      "original": {
        "owner": "rust-lang",
        "ref": "nightly",
        "repo": "rust-analyzer",
        "type": "github"
      }
    }
  },
  "root": "root",
  "version": 7
}
